
Microsoft Visual Studio Solution File, Format Version 12.00
# Visual Studio Version 17
VisualStudioVersion = 17.8.34322.80
MinimumVisualStudioVersion = 10.0.40219.1
Project("{FAE04EC0-301F-11D3-BF4B-00C04F79EFBC}") = "AgendaSenac", "AgendaSenac\AgendaSenac.csproj", "{CE3F96D5-D4CE-44FC-8227-0FD9A943272E}"
EndProject
Global
	GlobalSection(SolutionConfigurationPlatforms) = preSolution
		Debug|Any CPU = Debug|Any CPU
		Release|Any CPU = Release|Any CPU
	EndGlobalSection
	GlobalSection(ProjectConfigurationPlatforms) = postSolution
		{CE3F96D5-D4CE-44FC-8227-0FD9A943272E}.Debug|Any CPU.ActiveCfg = Debug|Any CPU
		{CE3F96D5-D4CE-44FC-8227-0FD9A943272E}.Debug|Any CPU.Build.0 = Debug|Any CPU
		{CE3F96D5-D4CE-44FC-8227-0FD9A943272E}.Release|Any CPU.ActiveCfg = Release|Any CPU
		{CE3F96D5-D4CE-44FC-8227-0FD9A943272E}.Release|Any CPU.Build.0 = Release|Any CPU
	EndGlobalSection
	GlobalSection(SolutionProperties) = preSolution
		HideSolutionNode = FALSE
	EndGlobalSection
	GlobalSection(ExtensibilityGlobals) = postSolution
		SolutionGuid = {BBDBC3EB-DF94-40E2-835C-4F0B6CFC1E1C}
	EndGlobalSection
EndGlobal
